# This file is automatically @generated by Cargo.
# It is not intended for manual editing.
version = 3

[[package]]
name = "librust"
version = "0.1.0"
dependencies = [
 "va_list",
]

[[package]]
name = "va_list"
version = "0.1.4"
source = "registry+https://github.com/rust-lang/crates.io-index"
checksum = "350bd5ef744f978a387cd08ce514be4e3766746496f355d59d68af36f52d36da"
